
Microsoft Visual Studio Solution File, Format Version 12.00
# Visual Studio Version 17
VisualStudioVersion = 17.10.34928.147
MinimumVisualStudioVersion = 10.0.40219.1
Project("{E24C65DC-7377-472B-9ABA-BC803B73C61A}") = "grocery_shop", ".", "{F580130D-2A7C-4ADF-9189-46F9BC94909D}"
	ProjectSection(WebsiteProperties) = preProject
		TargetFrameworkMoniker = ".NETFramework,Version%3Dv4.8"
		Debug.AspNetCompiler.VirtualPath = "/localhost_50275"
		Debug.AspNetCompiler.PhysicalPath = "G:\Sohail\grocery_shop\"
		Debug.AspNetCompiler.TargetPath = "PrecompiledWeb\localhost_50275\"
		Debug.AspNetCompiler.Updateable = "true"
		Debug.AspNetCompiler.ForceOverwrite = "true"
		Debug.AspNetCompiler.FixedNames = "false"
		Debug.AspNetCompiler.Debug = "True"
		Release.AspNetCompiler.VirtualPath = "/localhost_50275"
		Release.AspNetCompiler.PhysicalPath = "G:\Sohail\grocery_shop\"
		Release.AspNetCompiler.TargetPath = "PrecompiledWeb\localhost_50275\"
		Release.AspNetCompiler.Updateable = "true"
		Release.AspNetCompiler.ForceOverwrite = "true"
		Release.AspNetCompiler.FixedNames = "false"
		Release.AspNetCompiler.Debug = "False"
		VWDPort = "50275"
	EndProjectSection
EndProject
Global
	GlobalSection(SolutionConfigurationPlatforms) = preSolution
		Debug|Any CPU = Debug|Any CPU
	EndGlobalSection
	GlobalSection(ProjectConfigurationPlatforms) = postSolution
		{F580130D-2A7C-4ADF-9189-46F9BC94909D}.Debug|Any CPU.ActiveCfg = Debug|Any CPU
		{F580130D-2A7C-4ADF-9189-46F9BC94909D}.Debug|Any CPU.Build.0 = Debug|Any CPU
	EndGlobalSection
	GlobalSection(SolutionProperties) = preSolution
		HideSolutionNode = FALSE
	EndGlobalSection
	GlobalSection(ExtensibilityGlobals) = postSolution
		SolutionGuid = {2AE389DB-8BD8-4D54-8B92-CDD64FDEAC55}
	EndGlobalSection
EndGlobal
